PODS:
  - ConnectPay/Biometric (0.1.27):
    - ConnectPay/Core
  - ConnectPay/Core (0.1.27)
  - ConnectPay/OCR (0.1.27):
    - ConnectPay/Core
  - ConnectPay/UI (0.1.27):
    - ConnectPay/Biometric
    - ConnectPay/Core
    - ConnectPay/OCR

DEPENDENCIES:
  - ConnectPay/Biometric
  - ConnectPay/OCR
  - ConnectPay/UI

SPEC REPOS:
  https://github.com/CocoaPods/Specs:
    - ConnectPay

SPEC CHECKSUMS:
  ConnectPay: 7240ecc89de20aeaf519bb50eea9335f843ee01a

PODFILE CHECKSUM: 65742bc4cbabd5ae8672a810d37c6e49d2dc45c0

COCOAPODS: 1.11.2
