PODS:
  - ConnectPay/Biometric (0.1.12):
    - ConnectPay/Core
  - ConnectPay/Core (0.1.12)
  - ConnectPay/OCR (0.1.12):
    - ConnectPay/Core
  - ConnectPay/UI (0.1.12):
    - ConnectPay/Biometric
    - ConnectPay/Core
    - ConnectPay/OCR

DEPENDENCIES:
  - ConnectPay/Biometric
  - ConnectPay/OCR
  - ConnectPay/UI

SPEC REPOS:
  https://github.com/CocoaPods/Specs:
    - ConnectPay

SPEC CHECKSUMS:
  ConnectPay: d1b02224c9db77be621007ff7f7aa2007479a42e

PODFILE CHECKSUM: 3fb54c81999dd8462ddf6e786523103762a29ae4

COCOAPODS: 1.11.2
