PODS:
  - ConnectPay/Biometric (0.1.20):
    - ConnectPay/Core
  - ConnectPay/Core (0.1.20)
  - ConnectPay/OCR (0.1.20):
    - ConnectPay/Core
  - ConnectPay/UI (0.1.20):
    - ConnectPay/Biometric
    - ConnectPay/Core
    - ConnectPay/OCR

DEPENDENCIES:
  - ConnectPay/Biometric
  - ConnectPay/OCR
  - ConnectPay/UI

SPEC REPOS:
  https://github.com/CocoaPods/Specs:
    - ConnectPay

SPEC CHECKSUMS:
  ConnectPay: 0726a1707411412ea79ef9bfa8b73de200f0372d

PODFILE CHECKSUM: 3fb54c81999dd8462ddf6e786523103762a29ae4

COCOAPODS: 1.11.2
